{
  "name": "forge-starter",
  "version": "1.0.0",
  "lockfileVersion": 1,
  "requires": true,
  "dependencies": {
    "@thirdweb-dev/contracts": {
      "version": "3.4.3",
      "resolved": "https://registry.npmjs.org/@thirdweb-dev/contracts/-/contracts-3.4.3.tgz",
      "integrity": "sha512-ftsJB/xNIF2IP1ayZXjVhLPZyJ+53lO54N/xuyq4EQ9gIZsB9ddznYDshtDMO60PmjkN3X1ZnbwntXoZ6kYPZA=="
    }
  }
}
